
Microsoft Visual Studio Solution File, Format Version 12.00
# Visual Studio 15
VisualStudioVersion = 15.0.27703.2026
MinimumVisualStudioVersion = 10.0.40219.1
Project("{FAE04EC0-301F-11D3-BF4B-00C04F79EFBC}") = "ASPCourse", "ASPCourse\ASPCourse.csproj", "{37F9B6EF-EE75-4BA3-8050-2746BE02478C}"
EndProject
Global
	GlobalSection(SolutionConfigurationPlatforms) = preSolution
		Debug|Any CPU = Debug|Any CPU
		Release|Any CPU = Release|Any CPU
	EndGlobalSection
	GlobalSection(ProjectConfigurationPlatforms) = postSolution
		{37F9B6EF-EE75-4BA3-8050-2746BE02478C}.Debug|Any CPU.ActiveCfg = Debug|Any CPU
		{37F9B6EF-EE75-4BA3-8050-2746BE02478C}.Debug|Any CPU.Build.0 = Debug|Any CPU
		{37F9B6EF-EE75-4BA3-8050-2746BE02478C}.Release|Any CPU.ActiveCfg = Release|Any CPU
		{37F9B6EF-EE75-4BA3-8050-2746BE02478C}.Release|Any CPU.Build.0 = Release|Any CPU
	EndGlobalSection
	GlobalSection(SolutionProperties) = preSolution
		HideSolutionNode = FALSE
	EndGlobalSection
	GlobalSection(ExtensibilityGlobals) = postSolution
		SolutionGuid = {0EB6443B-5ED8-4DB4-9D71-404BEE963D75}
	EndGlobalSection
EndGlobal
