
Microsoft Visual Studio Solution File, Format Version 12.00
# Visual Studio 15
VisualStudioVersion = 15.0.27703.2026
MinimumVisualStudioVersion = 10.0.40219.1
Project("{9A19103F-16F7-4668-BE54-9A1E7A4F7556}") = "ASPCourse", "ASPCourse\ASPCourse.csproj", "{37F9B6EF-EE75-4BA3-8050-2746BE02478C}"
EndProject
Project("{2150E333-8FDC-42A3-9474-1A3956D46DE8}") = "Traditional SQL Connection", "Traditional SQL Connection", "{8F7FE80A-4A4C-4777-8B3F-9F241B247005}"
EndProject
Project("{9A19103F-16F7-4668-BE54-9A1E7A4F7556}") = "DbSqlClient", "DbSqlClient\DbSqlClient.csproj", "{6944E423-3239-4739-8F8C-9E0AEBD38025}"
EndProject
Project("{2150E333-8FDC-42A3-9474-1A3956D46DE8}") = "Models", "Models", "{9F8FA76E-0FDD-4AE8-919C-F96B8ADECB3D}"
EndProject
Project("{2150E333-8FDC-42A3-9474-1A3956D46DE8}") = "Entity Framework core", "Entity Framework core", "{5B5126F0-1336-4FD5-88A9-D03684C55C5D}"
EndProject
Project("{9A19103F-16F7-4668-BE54-9A1E7A4F7556}") = "EFCore", "EFCore\EFCore.csproj", "{3CF21422-61E4-4479-97C1-03E5E455B85B}"
EndProject
Project("{9A19103F-16F7-4668-BE54-9A1E7A4F7556}") = "EntityFrameworkInDepth", "EntityFrameworkInDepth\EntityFrameworkInDepth.csproj", "{95829EF8-7090-423D-B8AD-B029905D9942}"
EndProject
Project("{9A19103F-16F7-4668-BE54-9A1E7A4F7556}") = "MyLINQ", "MyLINQ\MyLINQ.csproj", "{90DF7242-140C-4C3C-AF0A-58F669A7D081}"
EndProject
Project("{9A19103F-16F7-4668-BE54-9A1E7A4F7556}") = "LINQToEntityFramework", "LINQToEntityFramework\LINQToEntityFramework.csproj", "{BBCDEF5A-51FF-4F6E-897C-96BA30CC5BD7}"
EndProject
Project("{2150E333-8FDC-42A3-9474-1A3956D46DE8}") = "DIP", "DIP", "{A2B8B5D5-C639-427E-9978-25C22EC8EF29}"
EndProject
Project("{9A19103F-16F7-4668-BE54-9A1E7A4F7556}") = "DependencyInjection", "DependencyInjection\DependencyInjection.csproj", "{16A31C28-12B9-4D7E-8CF4-22A10BAAA193}"
EndProject
Project("{2150E333-8FDC-42A3-9474-1A3956D46DE8}") = "ChefBox", "ChefBox", "{5B18A040-D90F-42E4-BE1A-852740B87924}"
EndProject
Project("{2150E333-8FDC-42A3-9474-1A3956D46DE8}") = "Infrastructure", "Infrastructure", "{8A756309-1539-4934-847C-C3CC409EC3DB}"
EndProject
Project("{2150E333-8FDC-42A3-9474-1A3956D46DE8}") = "SharedKernal", "SharedKernal", "{B4295BC6-62B3-4960-B43E-DE3994055C41}"
EndProject
Project("{2150E333-8FDC-42A3-9474-1A3956D46DE8}") = "UI", "UI", "{2A20D411-296B-417D-B280-91D5A4EA3A4A}"
EndProject
Project("{2150E333-8FDC-42A3-9474-1A3956D46DE8}") = "BoundedContext", "BoundedContext", "{B2DABD4C-9E14-47AD-9205-D9717190AF7F}"
EndProject
Project("{2150E333-8FDC-42A3-9474-1A3956D46DE8}") = "Test", "Test", "{985185D5-71A5-489C-BE0C-94585988B9E5}"
EndProject
Project("{2150E333-8FDC-42A3-9474-1A3956D46DE8}") = "Services", "Services", "{950EF030-F1E6-4FB7-9EDA-CFBBED60246F}"
EndProject
Project("{9A19103F-16F7-4668-BE54-9A1E7A4F7556}") = "ChefBox.Model", "ChefBox.Model\ChefBox.Model.csproj", "{391BB00B-3E0A-4609-B7D1-DFC0C9B45003}"
EndProject
Project("{9A19103F-16F7-4668-BE54-9A1E7A4F7556}") = "ChefBox.SqlServer", "ChefBox.SqlServer\ChefBox.SqlServer.csproj", "{1A069A26-0E5D-4BCB-89AC-584496131350}"
EndProject
Project("{2150E333-8FDC-42A3-9474-1A3956D46DE8}") = "Cooking", "Cooking", "{9249BC24-E4CA-4856-95CF-BC31CBB12BA2}"
EndProject
Project("{9A19103F-16F7-4668-BE54-9A1E7A4F7556}") = "ChefBox.Cooking.IData", "ChefBox.Cooking.IData\ChefBox.Cooking.IData.csproj", "{C5E7E517-750D-4C2B-93CB-846473BE1FBF}"
EndProject
Project("{9A19103F-16F7-4668-BE54-9A1E7A4F7556}") = "ChefBox.Cooking.Data", "ChefBox.Cooking.Data\ChefBox.Cooking.Data.csproj", "{2419A9D8-85C6-4D8A-88B1-71632D733738}"
EndProject
Project("{9A19103F-16F7-4668-BE54-9A1E7A4F7556}") = "ChefBox.Cooking.Dto", "ChefBox.Cooking.Dto\ChefBox.Cooking.Dto.csproj", "{848D96D2-E320-498D-8C54-7EF04DDDDF25}"
EndProject
Project("{9A19103F-16F7-4668-BE54-9A1E7A4F7556}") = "ChefBox.AdminUI", "ChefBox.AdminUI\ChefBox.AdminUI.csproj", "{ED71810E-0663-43FF-A34A-DF9D31444662}"
EndProject
Project("{9A19103F-16F7-4668-BE54-9A1E7A4F7556}") = "ChefBox.SharedKernal", "ChefBox.SharedKernal\ChefBox.SharedKernal.csproj", "{6F8894B2-9FD8-4AF3-A8B4-0D84088450BF}"
EndProject
Project("{2150E333-8FDC-42A3-9474-1A3956D46DE8}") = "Security", "Security", "{AADC67B1-312E-49D9-957E-790D56797771}"
EndProject
Project("{9A19103F-16F7-4668-BE54-9A1E7A4F7556}") = "ChefBox.Security.IData", "ChefBox.Security.IData\ChefBox.Security.IData.csproj", "{BA404FFB-5F7C-425C-8CC2-E5B36F88B36D}"
EndProject
Project("{9A19103F-16F7-4668-BE54-9A1E7A4F7556}") = "ChefBox.Security.Data", "ChefBox.Security.Data\ChefBox.Security.Data.csproj", "{5A17E95B-89E7-4292-BE7E-3D7344F0B7F8}"
EndProject
Project("{9A19103F-16F7-4668-BE54-9A1E7A4F7556}") = "ChefBox.Security.Dto", "ChefBox.Security.Dto\ChefBox.Security.Dto.csproj", "{0027434D-0612-427D-A26B-34959FB1B283}"
EndProject
Project("{9A19103F-16F7-4668-BE54-9A1E7A4F7556}") = "ChefBox.SharedBoundedContext", "ChefBox.SharedBoundedContext\ChefBox.SharedBoundedContext.csproj", "{9A3C082B-13E5-421D-B489-B5E735630E12}"
EndProject
Project("{2150E333-8FDC-42A3-9474-1A3956D46DE8}") = "Logging", "Logging", "{5DE54F0F-5A96-4641-AD3D-903783C6428C}"
EndProject
Project("{9A19103F-16F7-4668-BE54-9A1E7A4F7556}") = "ChefBox.Logging.IService", "ChefBox.Logging.IService\ChefBox.Logging.IService.csproj", "{13826FD2-A426-4A68-8C02-B39C5245BDE1}"
EndProject
Project("{9A19103F-16F7-4668-BE54-9A1E7A4F7556}") = "ChefBox.Logging.Dto", "ChefBox.Logging.Dto\ChefBox.Logging.Dto.csproj", "{F5F8A88D-75AA-4AE3-9A23-B72CC6182B14}"
EndProject
Project("{9A19103F-16F7-4668-BE54-9A1E7A4F7556}") = "ChefBox.Logging.Service", "ChefBox.Logging.Service\ChefBox.Logging.Service.csproj", "{B11F1787-2DE3-4307-9A4E-51D69CF5844F}"
EndProject
Project("{FAE04EC0-301F-11D3-BF4B-00C04F79EFBC}") = "ChefBox.UnitTest", "ChefBox.UnitTest\ChefBox.UnitTest.csproj", "{4B2F2686-E61D-4905-BB16-22E69AF50EEE}"
EndProject
Global
	GlobalSection(SolutionConfigurationPlatforms) = preSolution
		Debug|Any CPU = Debug|Any CPU
		Release|Any CPU = Release|Any CPU
	EndGlobalSection
	GlobalSection(ProjectConfigurationPlatforms) = postSolution
		{37F9B6EF-EE75-4BA3-8050-2746BE02478C}.Debug|Any CPU.ActiveCfg = Debug|Any CPU
		{37F9B6EF-EE75-4BA3-8050-2746BE02478C}.Debug|Any CPU.Build.0 = Debug|Any CPU
		{37F9B6EF-EE75-4BA3-8050-2746BE02478C}.Release|Any CPU.ActiveCfg = Release|Any CPU
		{37F9B6EF-EE75-4BA3-8050-2746BE02478C}.Release|Any CPU.Build.0 = Release|Any CPU
		{6944E423-3239-4739-8F8C-9E0AEBD38025}.Debug|Any CPU.ActiveCfg = Debug|Any CPU
		{6944E423-3239-4739-8F8C-9E0AEBD38025}.Debug|Any CPU.Build.0 = Debug|Any CPU
		{6944E423-3239-4739-8F8C-9E0AEBD38025}.Release|Any CPU.ActiveCfg = Release|Any CPU
		{6944E423-3239-4739-8F8C-9E0AEBD38025}.Release|Any CPU.Build.0 = Release|Any CPU
		{3CF21422-61E4-4479-97C1-03E5E455B85B}.Debug|Any CPU.ActiveCfg = Debug|Any CPU
		{3CF21422-61E4-4479-97C1-03E5E455B85B}.Debug|Any CPU.Build.0 = Debug|Any CPU
		{3CF21422-61E4-4479-97C1-03E5E455B85B}.Release|Any CPU.ActiveCfg = Release|Any CPU
		{3CF21422-61E4-4479-97C1-03E5E455B85B}.Release|Any CPU.Build.0 = Release|Any CPU
		{95829EF8-7090-423D-B8AD-B029905D9942}.Debug|Any CPU.ActiveCfg = Debug|Any CPU
		{95829EF8-7090-423D-B8AD-B029905D9942}.Debug|Any CPU.Build.0 = Debug|Any CPU
		{95829EF8-7090-423D-B8AD-B029905D9942}.Release|Any CPU.ActiveCfg = Release|Any CPU
		{95829EF8-7090-423D-B8AD-B029905D9942}.Release|Any CPU.Build.0 = Release|Any CPU
		{90DF7242-140C-4C3C-AF0A-58F669A7D081}.Debug|Any CPU.ActiveCfg = Debug|Any CPU
		{90DF7242-140C-4C3C-AF0A-58F669A7D081}.Debug|Any CPU.Build.0 = Debug|Any CPU
		{90DF7242-140C-4C3C-AF0A-58F669A7D081}.Release|Any CPU.ActiveCfg = Release|Any CPU
		{90DF7242-140C-4C3C-AF0A-58F669A7D081}.Release|Any CPU.Build.0 = Release|Any CPU
		{BBCDEF5A-51FF-4F6E-897C-96BA30CC5BD7}.Debug|Any CPU.ActiveCfg = Debug|Any CPU
		{BBCDEF5A-51FF-4F6E-897C-96BA30CC5BD7}.Debug|Any CPU.Build.0 = Debug|Any CPU
		{BBCDEF5A-51FF-4F6E-897C-96BA30CC5BD7}.Release|Any CPU.ActiveCfg = Release|Any CPU
		{BBCDEF5A-51FF-4F6E-897C-96BA30CC5BD7}.Release|Any CPU.Build.0 = Release|Any CPU
		{16A31C28-12B9-4D7E-8CF4-22A10BAAA193}.Debug|Any CPU.ActiveCfg = Debug|Any CPU
		{16A31C28-12B9-4D7E-8CF4-22A10BAAA193}.Debug|Any CPU.Build.0 = Debug|Any CPU
		{16A31C28-12B9-4D7E-8CF4-22A10BAAA193}.Release|Any CPU.ActiveCfg = Release|Any CPU
		{16A31C28-12B9-4D7E-8CF4-22A10BAAA193}.Release|Any CPU.Build.0 = Release|Any CPU
		{391BB00B-3E0A-4609-B7D1-DFC0C9B45003}.Debug|Any CPU.ActiveCfg = Debug|Any CPU
		{391BB00B-3E0A-4609-B7D1-DFC0C9B45003}.Debug|Any CPU.Build.0 = Debug|Any CPU
		{391BB00B-3E0A-4609-B7D1-DFC0C9B45003}.Release|Any CPU.ActiveCfg = Release|Any CPU
		{391BB00B-3E0A-4609-B7D1-DFC0C9B45003}.Release|Any CPU.Build.0 = Release|Any CPU
		{1A069A26-0E5D-4BCB-89AC-584496131350}.Debug|Any CPU.ActiveCfg = Debug|Any CPU
		{1A069A26-0E5D-4BCB-89AC-584496131350}.Debug|Any CPU.Build.0 = Debug|Any CPU
		{1A069A26-0E5D-4BCB-89AC-584496131350}.Release|Any CPU.ActiveCfg = Release|Any CPU
		{1A069A26-0E5D-4BCB-89AC-584496131350}.Release|Any CPU.Build.0 = Release|Any CPU
		{C5E7E517-750D-4C2B-93CB-846473BE1FBF}.Debug|Any CPU.ActiveCfg = Debug|Any CPU
		{C5E7E517-750D-4C2B-93CB-846473BE1FBF}.Debug|Any CPU.Build.0 = Debug|Any CPU
		{C5E7E517-750D-4C2B-93CB-846473BE1FBF}.Release|Any CPU.ActiveCfg = Release|Any CPU
		{C5E7E517-750D-4C2B-93CB-846473BE1FBF}.Release|Any CPU.Build.0 = Release|Any CPU
		{2419A9D8-85C6-4D8A-88B1-71632D733738}.Debug|Any CPU.ActiveCfg = Debug|Any CPU
		{2419A9D8-85C6-4D8A-88B1-71632D733738}.Debug|Any CPU.Build.0 = Debug|Any CPU
		{2419A9D8-85C6-4D8A-88B1-71632D733738}.Release|Any CPU.ActiveCfg = Release|Any CPU
		{2419A9D8-85C6-4D8A-88B1-71632D733738}.Release|Any CPU.Build.0 = Release|Any CPU
		{848D96D2-E320-498D-8C54-7EF04DDDDF25}.Debug|Any CPU.ActiveCfg = Debug|Any CPU
		{848D96D2-E320-498D-8C54-7EF04DDDDF25}.Debug|Any CPU.Build.0 = Debug|Any CPU
		{848D96D2-E320-498D-8C54-7EF04DDDDF25}.Release|Any CPU.ActiveCfg = Release|Any CPU
		{848D96D2-E320-498D-8C54-7EF04DDDDF25}.Release|Any CPU.Build.0 = Release|Any CPU
		{ED71810E-0663-43FF-A34A-DF9D31444662}.Debug|Any CPU.ActiveCfg = Debug|Any CPU
		{ED71810E-0663-43FF-A34A-DF9D31444662}.Debug|Any CPU.Build.0 = Debug|Any CPU
		{ED71810E-0663-43FF-A34A-DF9D31444662}.Release|Any CPU.ActiveCfg = Release|Any CPU
		{ED71810E-0663-43FF-A34A-DF9D31444662}.Release|Any CPU.Build.0 = Release|Any CPU
		{6F8894B2-9FD8-4AF3-A8B4-0D84088450BF}.Debug|Any CPU.ActiveCfg = Debug|Any CPU
		{6F8894B2-9FD8-4AF3-A8B4-0D84088450BF}.Debug|Any CPU.Build.0 = Debug|Any CPU
		{6F8894B2-9FD8-4AF3-A8B4-0D84088450BF}.Release|Any CPU.ActiveCfg = Release|Any CPU
		{6F8894B2-9FD8-4AF3-A8B4-0D84088450BF}.Release|Any CPU.Build.0 = Release|Any CPU
		{BA404FFB-5F7C-425C-8CC2-E5B36F88B36D}.Debug|Any CPU.ActiveCfg = Debug|Any CPU
		{BA404FFB-5F7C-425C-8CC2-E5B36F88B36D}.Debug|Any CPU.Build.0 = Debug|Any CPU
		{BA404FFB-5F7C-425C-8CC2-E5B36F88B36D}.Release|Any CPU.ActiveCfg = Release|Any CPU
		{BA404FFB-5F7C-425C-8CC2-E5B36F88B36D}.Release|Any CPU.Build.0 = Release|Any CPU
		{5A17E95B-89E7-4292-BE7E-3D7344F0B7F8}.Debug|Any CPU.ActiveCfg = Debug|Any CPU
		{5A17E95B-89E7-4292-BE7E-3D7344F0B7F8}.Debug|Any CPU.Build.0 = Debug|Any CPU
		{5A17E95B-89E7-4292-BE7E-3D7344F0B7F8}.Release|Any CPU.ActiveCfg = Release|Any CPU
		{5A17E95B-89E7-4292-BE7E-3D7344F0B7F8}.Release|Any CPU.Build.0 = Release|Any CPU
		{0027434D-0612-427D-A26B-34959FB1B283}.Debug|Any CPU.ActiveCfg = Debug|Any CPU
		{0027434D-0612-427D-A26B-34959FB1B283}.Debug|Any CPU.Build.0 = Debug|Any CPU
		{0027434D-0612-427D-A26B-34959FB1B283}.Release|Any CPU.ActiveCfg = Release|Any CPU
		{0027434D-0612-427D-A26B-34959FB1B283}.Release|Any CPU.Build.0 = Release|Any CPU
		{9A3C082B-13E5-421D-B489-B5E735630E12}.Debug|Any CPU.ActiveCfg = Debug|Any CPU
		{9A3C082B-13E5-421D-B489-B5E735630E12}.Debug|Any CPU.Build.0 = Debug|Any CPU
		{9A3C082B-13E5-421D-B489-B5E735630E12}.Release|Any CPU.ActiveCfg = Release|Any CPU
		{9A3C082B-13E5-421D-B489-B5E735630E12}.Release|Any CPU.Build.0 = Release|Any CPU
		{13826FD2-A426-4A68-8C02-B39C5245BDE1}.Debug|Any CPU.ActiveCfg = Debug|Any CPU
		{13826FD2-A426-4A68-8C02-B39C5245BDE1}.Debug|Any CPU.Build.0 = Debug|Any CPU
		{13826FD2-A426-4A68-8C02-B39C5245BDE1}.Release|Any CPU.ActiveCfg = Release|Any CPU
		{13826FD2-A426-4A68-8C02-B39C5245BDE1}.Release|Any CPU.Build.0 = Release|Any CPU
		{F5F8A88D-75AA-4AE3-9A23-B72CC6182B14}.Debug|Any CPU.ActiveCfg = Debug|Any CPU
		{F5F8A88D-75AA-4AE3-9A23-B72CC6182B14}.Debug|Any CPU.Build.0 = Debug|Any CPU
		{F5F8A88D-75AA-4AE3-9A23-B72CC6182B14}.Release|Any CPU.ActiveCfg = Release|Any CPU
		{F5F8A88D-75AA-4AE3-9A23-B72CC6182B14}.Release|Any CPU.Build.0 = Release|Any CPU
		{B11F1787-2DE3-4307-9A4E-51D69CF5844F}.Debug|Any CPU.ActiveCfg = Debug|Any CPU
		{B11F1787-2DE3-4307-9A4E-51D69CF5844F}.Debug|Any CPU.Build.0 = Debug|Any CPU
		{B11F1787-2DE3-4307-9A4E-51D69CF5844F}.Release|Any CPU.ActiveCfg = Release|Any CPU
		{B11F1787-2DE3-4307-9A4E-51D69CF5844F}.Release|Any CPU.Build.0 = Release|Any CPU
		{4B2F2686-E61D-4905-BB16-22E69AF50EEE}.Debug|Any CPU.ActiveCfg = Debug|Any CPU
		{4B2F2686-E61D-4905-BB16-22E69AF50EEE}.Debug|Any CPU.Build.0 = Debug|Any CPU
		{4B2F2686-E61D-4905-BB16-22E69AF50EEE}.Release|Any CPU.ActiveCfg = Release|Any CPU
		{4B2F2686-E61D-4905-BB16-22E69AF50EEE}.Release|Any CPU.Build.0 = Release|Any CPU
	EndGlobalSection
	GlobalSection(SolutionProperties) = preSolution
		HideSolutionNode = FALSE
	EndGlobalSection
	GlobalSection(NestedProjects) = preSolution
		{8F7FE80A-4A4C-4777-8B3F-9F241B247005} = {9F8FA76E-0FDD-4AE8-919C-F96B8ADECB3D}
		{6944E423-3239-4739-8F8C-9E0AEBD38025} = {8F7FE80A-4A4C-4777-8B3F-9F241B247005}
		{5B5126F0-1336-4FD5-88A9-D03684C55C5D} = {9F8FA76E-0FDD-4AE8-919C-F96B8ADECB3D}
		{3CF21422-61E4-4479-97C1-03E5E455B85B} = {5B5126F0-1336-4FD5-88A9-D03684C55C5D}
		{95829EF8-7090-423D-B8AD-B029905D9942} = {5B5126F0-1336-4FD5-88A9-D03684C55C5D}
		{90DF7242-140C-4C3C-AF0A-58F669A7D081} = {5B5126F0-1336-4FD5-88A9-D03684C55C5D}
		{BBCDEF5A-51FF-4F6E-897C-96BA30CC5BD7} = {5B5126F0-1336-4FD5-88A9-D03684C55C5D}
		{16A31C28-12B9-4D7E-8CF4-22A10BAAA193} = {A2B8B5D5-C639-427E-9978-25C22EC8EF29}
		{8A756309-1539-4934-847C-C3CC409EC3DB} = {5B18A040-D90F-42E4-BE1A-852740B87924}
		{B4295BC6-62B3-4960-B43E-DE3994055C41} = {5B18A040-D90F-42E4-BE1A-852740B87924}
		{2A20D411-296B-417D-B280-91D5A4EA3A4A} = {5B18A040-D90F-42E4-BE1A-852740B87924}
		{B2DABD4C-9E14-47AD-9205-D9717190AF7F} = {5B18A040-D90F-42E4-BE1A-852740B87924}
		{985185D5-71A5-489C-BE0C-94585988B9E5} = {5B18A040-D90F-42E4-BE1A-852740B87924}
		{950EF030-F1E6-4FB7-9EDA-CFBBED60246F} = {5B18A040-D90F-42E4-BE1A-852740B87924}
		{391BB00B-3E0A-4609-B7D1-DFC0C9B45003} = {8A756309-1539-4934-847C-C3CC409EC3DB}
		{1A069A26-0E5D-4BCB-89AC-584496131350} = {8A756309-1539-4934-847C-C3CC409EC3DB}
		{9249BC24-E4CA-4856-95CF-BC31CBB12BA2} = {B2DABD4C-9E14-47AD-9205-D9717190AF7F}
		{C5E7E517-750D-4C2B-93CB-846473BE1FBF} = {9249BC24-E4CA-4856-95CF-BC31CBB12BA2}
		{2419A9D8-85C6-4D8A-88B1-71632D733738} = {9249BC24-E4CA-4856-95CF-BC31CBB12BA2}
		{848D96D2-E320-498D-8C54-7EF04DDDDF25} = {9249BC24-E4CA-4856-95CF-BC31CBB12BA2}
		{ED71810E-0663-43FF-A34A-DF9D31444662} = {2A20D411-296B-417D-B280-91D5A4EA3A4A}
		{6F8894B2-9FD8-4AF3-A8B4-0D84088450BF} = {B4295BC6-62B3-4960-B43E-DE3994055C41}
		{AADC67B1-312E-49D9-957E-790D56797771} = {B2DABD4C-9E14-47AD-9205-D9717190AF7F}
		{BA404FFB-5F7C-425C-8CC2-E5B36F88B36D} = {AADC67B1-312E-49D9-957E-790D56797771}
		{5A17E95B-89E7-4292-BE7E-3D7344F0B7F8} = {AADC67B1-312E-49D9-957E-790D56797771}
		{0027434D-0612-427D-A26B-34959FB1B283} = {AADC67B1-312E-49D9-957E-790D56797771}
		{9A3C082B-13E5-421D-B489-B5E735630E12} = {B2DABD4C-9E14-47AD-9205-D9717190AF7F}
		{5DE54F0F-5A96-4641-AD3D-903783C6428C} = {950EF030-F1E6-4FB7-9EDA-CFBBED60246F}
		{13826FD2-A426-4A68-8C02-B39C5245BDE1} = {5DE54F0F-5A96-4641-AD3D-903783C6428C}
		{F5F8A88D-75AA-4AE3-9A23-B72CC6182B14} = {5DE54F0F-5A96-4641-AD3D-903783C6428C}
		{B11F1787-2DE3-4307-9A4E-51D69CF5844F} = {5DE54F0F-5A96-4641-AD3D-903783C6428C}
		{4B2F2686-E61D-4905-BB16-22E69AF50EEE} = {2A20D411-296B-417D-B280-91D5A4EA3A4A}
	EndGlobalSection
	GlobalSection(ExtensibilityGlobals) = postSolution
		SolutionGuid = {0EB6443B-5ED8-4DB4-9D71-404BEE963D75}
	EndGlobalSection
EndGlobal
